
Microsoft Visual Studio Solution File, Format Version 12.00
# Visual Studio Version 17
VisualStudioVersion = 17.7.34024.191
MinimumVisualStudioVersion = 10.0.40219.1
Project("{FAE04EC0-301F-11D3-BF4B-00C04F79EFBC}") = "Kakao_Chat_Analyzer", "Kakao_Chat_Analyzer\Kakao_Chat_Analyzer.csproj", "{62DA4D78-77C3-45E3-88CE-468413687544}"
EndProject
Global
	GlobalSection(SolutionConfigurationPlatforms) = preSolution
		Debug|Any CPU = Debug|Any CPU
		Release|Any CPU = Release|Any CPU
	EndGlobalSection
	GlobalSection(ProjectConfigurationPlatforms) = postSolution
		{62DA4D78-77C3-45E3-88CE-468413687544}.Debug|Any CPU.ActiveCfg = Debug|Any CPU
		{62DA4D78-77C3-45E3-88CE-468413687544}.Debug|Any CPU.Build.0 = Debug|Any CPU
		{62DA4D78-77C3-45E3-88CE-468413687544}.Release|Any CPU.ActiveCfg = Release|Any CPU
		{62DA4D78-77C3-45E3-88CE-468413687544}.Release|Any CPU.Build.0 = Release|Any CPU
	EndGlobalSection
	GlobalSection(SolutionProperties) = preSolution
		HideSolutionNode = FALSE
	EndGlobalSection
	GlobalSection(ExtensibilityGlobals) = postSolution
		SolutionGuid = {0873DEE9-3676-46B1-8898-F8FCE9C8FC88}
	EndGlobalSection
EndGlobal
